
Microsoft Visual Studio Solution File, Format Version 12.00
# Visual Studio Version 17
VisualStudioVersion = 17.7.34221.43
MinimumVisualStudioVersion = 10.0.40219.1
Project("{FAE04EC0-301F-11D3-BF4B-00C04F79EFBC}") = "BelengherAAA", "BelengherAAA\BelengherAAA.csproj", "{664D4A8A-748C-4FEA-96DC-F3480EB46F6F}"
EndProject
Global
	GlobalSection(SolutionConfigurationPlatforms) = preSolution
		Debug|Any CPU = Debug|Any CPU
		Release|Any CPU = Release|Any CPU
	EndGlobalSection
	GlobalSection(ProjectConfigurationPlatforms) = postSolution
		{664D4A8A-748C-4FEA-96DC-F3480EB46F6F}.Debug|Any CPU.ActiveCfg = Debug|Any CPU
		{664D4A8A-748C-4FEA-96DC-F3480EB46F6F}.Debug|Any CPU.Build.0 = Debug|Any CPU
		{664D4A8A-748C-4FEA-96DC-F3480EB46F6F}.Release|Any CPU.ActiveCfg = Release|Any CPU
		{664D4A8A-748C-4FEA-96DC-F3480EB46F6F}.Release|Any CPU.Build.0 = Release|Any CPU
	EndGlobalSection
	GlobalSection(SolutionProperties) = preSolution
		HideSolutionNode = FALSE
	EndGlobalSection
	GlobalSection(ExtensibilityGlobals) = postSolution
		SolutionGuid = {74ACAD7E-E6D5-4B1C-BA85-B17F62B2906A}
	EndGlobalSection
EndGlobal
